
Microsoft Visual Studio Solution File, Format Version 12.00
# Visual Studio Version 16
VisualStudioVersion = 16.0.31129.286
MinimumVisualStudioVersion = 10.0.40219.1
Project("{9A19103F-16F7-4668-BE54-9A1E7A4F7556}") = "EduHome", "EduHome\EduHome.csproj", "{8E9AB6D2-280B-429E-9600-9F465F69748B}"
EndProject
Global
	GlobalSection(SolutionConfigurationPlatforms) = preSolution
		Debug|Any CPU = Debug|Any CPU
		Release|Any CPU = Release|Any CPU
	EndGlobalSection
	GlobalSection(ProjectConfigurationPlatforms) = postSolution
		{8E9AB6D2-280B-429E-9600-9F465F69748B}.Debug|Any CPU.ActiveCfg = Debug|Any CPU
		{8E9AB6D2-280B-429E-9600-9F465F69748B}.Debug|Any CPU.Build.0 = Debug|Any CPU
		{8E9AB6D2-280B-429E-9600-9F465F69748B}.Release|Any CPU.ActiveCfg = Release|Any CPU
		{8E9AB6D2-280B-429E-9600-9F465F69748B}.Release|Any CPU.Build.0 = Release|Any CPU
	EndGlobalSection
	GlobalSection(SolutionProperties) = preSolution
		HideSolutionNode = FALSE
	EndGlobalSection
	GlobalSection(ExtensibilityGlobals) = postSolution
		SolutionGuid = {4A6DA43A-CF1A-4266-9D0E-7EBD73686091}
	EndGlobalSection
EndGlobal
